
Microsoft Visual Studio Solution File, Format Version 12.00
# Visual Studio Version 17
VisualStudioVersion = 17.6.33723.286
MinimumVisualStudioVersion = 10.0.40219.1
Project("{9A19103F-16F7-4668-BE54-9A1E7A4F7556}") = "13-RomanToInteger", "LeetCodeProblems\13-RomanToInteger.csproj", "{30A49EC3-11C5-467C-BFA4-4C5CB30D1D21}"
EndProject
Project("{FAE04EC0-301F-11D3-BF4B-00C04F79EFBC}") = "21.MergeTwoSortedLists", "21.MergeTwoSortedLists\21.MergeTwoSortedLists.csproj", "{5AB34B68-61E1-4AD5-B9AB-5028570386DE}"
EndProject
Global
	GlobalSection(SolutionConfigurationPlatforms) = preSolution
		Debug|Any CPU = Debug|Any CPU
		Release|Any CPU = Release|Any CPU
	EndGlobalSection
	GlobalSection(ProjectConfigurationPlatforms) = postSolution
		{30A49EC3-11C5-467C-BFA4-4C5CB30D1D21}.Debug|Any CPU.ActiveCfg = Debug|Any CPU
		{30A49EC3-11C5-467C-BFA4-4C5CB30D1D21}.Debug|Any CPU.Build.0 = Debug|Any CPU
		{30A49EC3-11C5-467C-BFA4-4C5CB30D1D21}.Release|Any CPU.ActiveCfg = Release|Any CPU
		{30A49EC3-11C5-467C-BFA4-4C5CB30D1D21}.Release|Any CPU.Build.0 = Release|Any CPU
		{5AB34B68-61E1-4AD5-B9AB-5028570386DE}.Debug|Any CPU.ActiveCfg = Debug|Any CPU
		{5AB34B68-61E1-4AD5-B9AB-5028570386DE}.Debug|Any CPU.Build.0 = Debug|Any CPU
		{5AB34B68-61E1-4AD5-B9AB-5028570386DE}.Release|Any CPU.ActiveCfg = Release|Any CPU
		{5AB34B68-61E1-4AD5-B9AB-5028570386DE}.Release|Any CPU.Build.0 = Release|Any CPU
	EndGlobalSection
	GlobalSection(SolutionProperties) = preSolution
		HideSolutionNode = FALSE
	EndGlobalSection
	GlobalSection(ExtensibilityGlobals) = postSolution
		SolutionGuid = {EFA35B8A-3645-4CF5-B98F-815C16FB1842}
	EndGlobalSection
EndGlobal
